// !$*UTF8*$!
{
	archiveVersion = 1;
	classes = {
	};
	objectVersion = 56;
	objects = {

/* Begin PBXBuildFile section */
		9F7A946764FA8B00FCFB473A /* Pods_mandiri_ios.framework in Frameworks */ = {isa = PBXBuildFile; fileRef = 2A098B607D1BF1F3936D6C86 /* Pods_mandiri_ios.framework */; };
		B075CC902AF273100020F3C2 /* AppDelegate.swift in Sources */ = {isa = PBXBuildFile; fileRef = B075CC8F2AF273100020F3C2 /* AppDelegate.swift */; };
		B075CC922AF273100020F3C2 /* SceneDelegate.swift in Sources */ = {isa = PBXBuildFile; fileRef = B075CC912AF273100020F3C2 /* SceneDelegate.swift */; };
		B075CC992AF273120020F3C2 /* Assets.xcassets in Resources */ = {isa = PBXBuildFile; fileRef = B075CC982AF273120020F3C2 /* Assets.xcassets */; };
		B075CC9C2AF273120020F3C2 /* LaunchScreen.storyboard in Resources */ = {isa = PBXBuildFile; fileRef = B075CC9A2AF273120020F3C2 /* LaunchScreen.storyboard */; };
		B075CCA92AF2818C0020F3C2 /* StackView.swift in Sources */ = {isa = PBXBuildFile; fileRef = B075CCA82AF2818C0020F3C2 /* StackView.swift */; };
		B075CCAB2AF281BA0020F3C2 /* LabelView.swift in Sources */ = {isa = PBXBuildFile; fileRef = B075CCAA2AF281BA0020F3C2 /* LabelView.swift */; };
		B075CCAD2AF281EF0020F3C2 /* ViewState.swift in Sources */ = {isa = PBXBuildFile; fileRef = B075CCAC2AF281EF0020F3C2 /* ViewState.swift */; };
		B075CCAF2AF2823B0020F3C2 /* ImageView.swift in Sources */ = {isa = PBXBuildFile; fileRef = B075CCAE2AF2823B0020F3C2 /* ImageView.swift */; };
		B075CCB12AF284820020F3C2 /* InternalColor.swift in Sources */ = {isa = PBXBuildFile; fileRef = B075CCB02AF284820020F3C2 /* InternalColor.swift */; };
		B075CCB32AF287760020F3C2 /* InternalIcon.swift in Sources */ = {isa = PBXBuildFile; fileRef = B075CCB22AF287760020F3C2 /* InternalIcon.swift */; };
		B075CCBA2AF288670020F3C2 /* ListGenrePresenter.swift in Sources */ = {isa = PBXBuildFile; fileRef = B075CCB52AF288670020F3C2 /* ListGenrePresenter.swift */; };
		B075CCBB2AF288670020F3C2 /* ListGenreRouter.swift in Sources */ = {isa = PBXBuildFile; fileRef = B075CCB62AF288670020F3C2 /* ListGenreRouter.swift */; };
		B075CCBC2AF288670020F3C2 /* ListGenreViewController.swift in Sources */ = {isa = PBXBuildFile; fileRef = B075CCB72AF288670020F3C2 /* ListGenreViewController.swift */; };
		B075CCBD2AF288670020F3C2 /* ListGenreProtocols.swift in Sources */ = {isa = PBXBuildFile; fileRef = B075CCB82AF288670020F3C2 /* ListGenreProtocols.swift */; };
		B075CCBE2AF288670020F3C2 /* ListGenreInteractor.swift in Sources */ = {isa = PBXBuildFile; fileRef = B075CCB92AF288670020F3C2 /* ListGenreInteractor.swift */; };
		B075CCC12AF28B070020F3C2 /* GenreViewCell.swift in Sources */ = {isa = PBXBuildFile; fileRef = B075CCC02AF28B070020F3C2 /* GenreViewCell.swift */; };
		B075CCC82AF293800020F3C2 /* DiscoverPresenter.swift in Sources */ = {isa = PBXBuildFile; fileRef = B075CCC32AF293800020F3C2 /* DiscoverPresenter.swift */; };
		B075CCC92AF293800020F3C2 /* DiscoverRouter.swift in Sources */ = {isa = PBXBuildFile; fileRef = B075CCC42AF293800020F3C2 /* DiscoverRouter.swift */; };
		B075CCCA2AF293800020F3C2 /* DiscoverViewController.swift in Sources */ = {isa = PBXBuildFile; fileRef = B075CCC52AF293800020F3C2 /* DiscoverViewController.swift */; };
		B075CCCB2AF293800020F3C2 /* DiscoverProtocols.swift in Sources */ = {isa = PBXBuildFile; fileRef = B075CCC62AF293800020F3C2 /* DiscoverProtocols.swift */; };
		B075CCCC2AF293800020F3C2 /* DiscoverInteractor.swift in Sources */ = {isa = PBXBuildFile; fileRef = B075CCC72AF293800020F3C2 /* DiscoverInteractor.swift */; };
		B075CCCF2AF295600020F3C2 /* DiscoverViewCell.swift in Sources */ = {isa = PBXBuildFile; fileRef = B075CCCE2AF295600020F3C2 /* DiscoverViewCell.swift */; };
/* End PBXBuildFile section */

/* Begin PBXFileReference section */
		1771A0AF46365F14E4FD6354 /* Pods-mandiri-ios.debug.xcconfig */ = {isa = PBXFileReference; includeInIndex = 1; lastKnownFileType = text.xcconfig; name = "Pods-mandiri-ios.debug.xcconfig"; path = "Target Support Files/Pods-mandiri-ios/Pods-mandiri-ios.debug.xcconfig"; sourceTree = "<group>"; };
		2A098B607D1BF1F3936D6C86 /* Pods_mandiri_ios.framework */ = {isa = PBXFileReference; explicitFileType = wrapper.framework; includeInIndex = 0; path = Pods_mandiri_ios.framework; sourceTree = BUILT_PRODUCTS_DIR; };
		B075CC8C2AF273100020F3C2 /* mandiri-ios.app */ = {isa = PBXFileReference; explicitFileType = wrapper.application; includeInIndex = 0; path = "mandiri-ios.app"; sourceTree = BUILT_PRODUCTS_DIR; };
		B075CC8F2AF273100020F3C2 /* AppDelegate.swift */ = {isa = PBXFileReference; lastKnownFileType = sourcecode.swift; path = AppDelegate.swift; sourceTree = "<group>"; };
		B075CC912AF273100020F3C2 /* SceneDelegate.swift */ = {isa = PBXFileReference; lastKnownFileType = sourcecode.swift; path = SceneDelegate.swift; sourceTree = "<group>"; };
		B075CC982AF273120020F3C2 /* Assets.xcassets */ = {isa = PBXFileReference; lastKnownFileType = folder.assetcatalog; path = Assets.xcassets; sourceTree = "<group>"; };
		B075CC9B2AF273120020F3C2 /* Base */ = {isa = PBXFileReference; lastKnownFileType = file.storyboard; name = Base; path = Base.lproj/LaunchScreen.storyboard; sourceTree = "<group>"; };
		B075CC9D2AF273120020F3C2 /* Info.plist */ = {isa = PBXFileReference; lastKnownFileType = text.plist.xml; path = Info.plist; sourceTree = "<group>"; };
		B075CCA82AF2818C0020F3C2 /* StackView.swift */ = {isa = PBXFileReference; lastKnownFileType = sourcecode.swift; path = StackView.swift; sourceTree = "<group>"; };
		B075CCAA2AF281BA0020F3C2 /* LabelView.swift */ = {isa = PBXFileReference; lastKnownFileType = sourcecode.swift; path = LabelView.swift; sourceTree = "<group>"; };
		B075CCAC2AF281EF0020F3C2 /* ViewState.swift */ = {isa = PBXFileReference; lastKnownFileType = sourcecode.swift; path = ViewState.swift; sourceTree = "<group>"; };
		B075CCAE2AF2823B0020F3C2 /* ImageView.swift */ = {isa = PBXFileReference; lastKnownFileType = sourcecode.swift; path = ImageView.swift; sourceTree = "<group>"; };
		B075CCB02AF284820020F3C2 /* InternalColor.swift */ = {isa = PBXFileReference; lastKnownFileType = sourcecode.swift; path = InternalColor.swift; sourceTree = "<group>"; };
		B075CCB22AF287760020F3C2 /* InternalIcon.swift */ = {isa = PBXFileReference; lastKnownFileType = sourcecode.swift; path = InternalIcon.swift; sourceTree = "<group>"; };
		B075CCB52AF288670020F3C2 /* ListGenrePresenter.swift */ = {isa = PBXFileReference; lastKnownFileType = sourcecode.swift; path = ListGenrePresenter.swift; sourceTree = "<group>"; };
		B075CCB62AF288670020F3C2 /* ListGenreRouter.swift */ = {isa = PBXFileReference; lastKnownFileType = sourcecode.swift; path = ListGenreRouter.swift; sourceTree = "<group>"; };
		B075CCB72AF288670020F3C2 /* ListGenreViewController.swift */ = {isa = PBXFileReference; lastKnownFileType = sourcecode.swift; path = ListGenreViewController.swift; sourceTree = "<group>"; };
		B075CCB82AF288670020F3C2 /* ListGenreProtocols.swift */ = {isa = PBXFileReference; lastKnownFileType = sourcecode.swift; path = ListGenreProtocols.swift; sourceTree = "<group>"; };
		B075CCB92AF288670020F3C2 /* ListGenreInteractor.swift */ = {isa = PBXFileReference; lastKnownFileType = sourcecode.swift; path = ListGenreInteractor.swift; sourceTree = "<group>"; };
		B075CCC02AF28B070020F3C2 /* GenreViewCell.swift */ = {isa = PBXFileReference; lastKnownFileType = sourcecode.swift; path = GenreViewCell.swift; sourceTree = "<group>"; };
		B075CCC32AF293800020F3C2 /* DiscoverPresenter.swift */ = {isa = PBXFileReference; lastKnownFileType = sourcecode.swift; path = DiscoverPresenter.swift; sourceTree = "<group>"; };
		B075CCC42AF293800020F3C2 /* DiscoverRouter.swift */ = {isa = PBXFileReference; lastKnownFileType = sourcecode.swift; path = DiscoverRouter.swift; sourceTree = "<group>"; };
		B075CCC52AF293800020F3C2 /* DiscoverViewController.swift */ = {isa = PBXFileReference; lastKnownFileType = sourcecode.swift; path = DiscoverViewController.swift; sourceTree = "<group>"; };
		B075CCC62AF293800020F3C2 /* DiscoverProtocols.swift */ = {isa = PBXFileReference; lastKnownFileType = sourcecode.swift; path = DiscoverProtocols.swift; sourceTree = "<group>"; };
		B075CCC72AF293800020F3C2 /* DiscoverInteractor.swift */ = {isa = PBXFileReference; lastKnownFileType = sourcecode.swift; path = DiscoverInteractor.swift; sourceTree = "<group>"; };
		B075CCCE2AF295600020F3C2 /* DiscoverViewCell.swift */ = {isa = PBXFileReference; lastKnownFileType = sourcecode.swift; path = DiscoverViewCell.swift; sourceTree = "<group>"; };
		C416FFD1AF0F02E86E39C657 /* Pods-mandiri-ios.release.xcconfig */ = {isa = PBXFileReference; includeInIndex = 1; lastKnownFileType = text.xcconfig; name = "Pods-mandiri-ios.release.xcconfig"; path = "Target Support Files/Pods-mandiri-ios/Pods-mandiri-ios.release.xcconfig"; sourceTree = "<group>"; };
/* End PBXFileReference section */

/* Begin PBXFrameworksBuildPhase section */
		B075CC892AF273100020F3C2 /* Frameworks */ = {
			isa = PBXFrameworksBuildPhase;
			buildActionMask = 2147483647;
			files = (
				9F7A946764FA8B00FCFB473A /* Pods_mandiri_ios.framework in Frameworks */,
			);
			runOnlyForDeploymentPostprocessing = 0;
		};
/* End PBXFrameworksBuildPhase section */

/* Begin PBXGroup section */
		7B1FB37B62CCF2FAC6645FDC /* Pods */ = {
			isa = PBXGroup;
			children = (
				1771A0AF46365F14E4FD6354 /* Pods-mandiri-ios.debug.xcconfig */,
				C416FFD1AF0F02E86E39C657 /* Pods-mandiri-ios.release.xcconfig */,
			);
			path = Pods;
			sourceTree = "<group>";
		};
		B075CC832AF273100020F3C2 = {
			isa = PBXGroup;
			children = (
				B075CC8E2AF273100020F3C2 /* mandiri-ios */,
				B075CC8D2AF273100020F3C2 /* Products */,
				7B1FB37B62CCF2FAC6645FDC /* Pods */,
				C41D38BE931799DC2BB716E1 /* Frameworks */,
			);
			sourceTree = "<group>";
		};
		B075CC8D2AF273100020F3C2 /* Products */ = {
			isa = PBXGroup;
			children = (
				B075CC8C2AF273100020F3C2 /* mandiri-ios.app */,
			);
			name = Products;
			sourceTree = "<group>";
		};
		B075CC8E2AF273100020F3C2 /* mandiri-ios */ = {
			isa = PBXGroup;
			children = (
				B075CCA52AF2773A0020F3C2 /* Core */,
				B075CCA42AF276770020F3C2 /* Modules */,
				B075CCA32AF2762F0020F3C2 /* Applications */,
				B075CC9A2AF273120020F3C2 /* LaunchScreen.storyboard */,
				B075CC9D2AF273120020F3C2 /* Info.plist */,
			);
			path = "mandiri-ios";
			sourceTree = "<group>";
		};
		B075CCA32AF2762F0020F3C2 /* Applications */ = {
			isa = PBXGroup;
			children = (
				B075CC8F2AF273100020F3C2 /* AppDelegate.swift */,
				B075CC912AF273100020F3C2 /* SceneDelegate.swift */,
			);
			path = Applications;
			sourceTree = "<group>";
		};
		B075CCA42AF276770020F3C2 /* Modules */ = {
			isa = PBXGroup;
			children = (
				B075CCC22AF2936B0020F3C2 /* Discover */,
				B075CCB42AF288390020F3C2 /* List Genre */,
			);
			path = Modules;
			sourceTree = "<group>";
		};
		B075CCA52AF2773A0020F3C2 /* Core */ = {
			isa = PBXGroup;
			children = (
				B075CCA72AF281740020F3C2 /* UI Component */,
				B075CCA62AF2773F0020F3C2 /* Resources */,
			);
			path = Core;
			sourceTree = "<group>";
		};
		B075CCA62AF2773F0020F3C2 /* Resources */ = {
			isa = PBXGroup;
			children = (
				B075CC982AF273120020F3C2 /* Assets.xcassets */,
				B075CCB02AF284820020F3C2 /* InternalColor.swift */,
				B075CCB22AF287760020F3C2 /* InternalIcon.swift */,
			);
			path = Resources;
			sourceTree = "<group>";
		};
		B075CCA72AF281740020F3C2 /* UI Component */ = {
			isa = PBXGroup;
			children = (
				B075CCA82AF2818C0020F3C2 /* StackView.swift */,
				B075CCAA2AF281BA0020F3C2 /* LabelView.swift */,
				B075CCAC2AF281EF0020F3C2 /* ViewState.swift */,
				B075CCAE2AF2823B0020F3C2 /* ImageView.swift */,
			);
			path = "UI Component";
			sourceTree = "<group>";
		};
		B075CCB42AF288390020F3C2 /* List Genre */ = {
			isa = PBXGroup;
			children = (
				B075CCBF2AF28AD90020F3C2 /* Views */,
				B075CCB52AF288670020F3C2 /* ListGenrePresenter.swift */,
				B075CCB62AF288670020F3C2 /* ListGenreRouter.swift */,
				B075CCB72AF288670020F3C2 /* ListGenreViewController.swift */,
				B075CCB82AF288670020F3C2 /* ListGenreProtocols.swift */,
				B075CCB92AF288670020F3C2 /* ListGenreInteractor.swift */,
			);
			path = "List Genre";
			sourceTree = "<group>";
		};
		B075CCBF2AF28AD90020F3C2 /* Views */ = {
			isa = PBXGroup;
			children = (
				B075CCC02AF28B070020F3C2 /* GenreViewCell.swift */,
			);
			path = Views;
			sourceTree = "<group>";
		};
		B075CCC22AF2936B0020F3C2 /* Discover */ = {
			isa = PBXGroup;
			children = (
				B075CCCD2AF295420020F3C2 /* Views */,
				B075CCC32AF293800020F3C2 /* DiscoverPresenter.swift */,
				B075CCC42AF293800020F3C2 /* DiscoverRouter.swift */,
				B075CCC52AF293800020F3C2 /* DiscoverViewController.swift */,
				B075CCC62AF293800020F3C2 /* DiscoverProtocols.swift */,
				B075CCC72AF293800020F3C2 /* DiscoverInteractor.swift */,
			);
			path = Discover;
			sourceTree = "<group>";
		};
		B075CCCD2AF295420020F3C2 /* Views */ = {
			isa = PBXGroup;
			children = (
				B075CCCE2AF295600020F3C2 /* DiscoverViewCell.swift */,
			);
			path = Views;
			sourceTree = "<group>";
		};
		C41D38BE931799DC2BB716E1 /* Frameworks */ = {
			isa = PBXGroup;
			children = (
				2A098B607D1BF1F3936D6C86 /* Pods_mandiri_ios.framework */,
			);
			name = Frameworks;
			sourceTree = "<group>";
		};
/* End PBXGroup section */

/* Begin PBXNativeTarget section */
		B075CC8B2AF273100020F3C2 /* mandiri-ios */ = {
			isa = PBXNativeTarget;
			buildConfigurationList = B075CCA02AF273120020F3C2 /* Build configuration list for PBXNativeTarget "mandiri-ios" */;
			buildPhases = (
				312950EAF6ACC3A3A59D7D14 /* [CP] Check Pods Manifest.lock */,
				B075CC882AF273100020F3C2 /* Sources */,
				B075CC892AF273100020F3C2 /* Frameworks */,
				B075CC8A2AF273100020F3C2 /* Resources */,
				98F555619FCCA3F7812904FE /* [CP] Embed Pods Frameworks */,
			);
			buildRules = (
			);
			dependencies = (
			);
			name = "mandiri-ios";
			productName = "mandiri-ios";
			productReference = B075CC8C2AF273100020F3C2 /* mandiri-ios.app */;
			productType = "com.apple.product-type.application";
		};
/* End PBXNativeTarget section */

/* Begin PBXProject section */
		B075CC842AF273100020F3C2 /* Project object */ = {
			isa = PBXProject;
			attributes = {
				BuildIndependentTargetsInParallel = 1;
				LastSwiftUpdateCheck = 1500;
				LastUpgradeCheck = 1500;
				TargetAttributes = {
					B075CC8B2AF273100020F3C2 = {
						CreatedOnToolsVersion = 15.0;
					};
				};
			};
			buildConfigurationList = B075CC872AF273100020F3C2 /* Build configuration list for PBXProject "mandiri-ios" */;
			compatibilityVersion = "Xcode 14.0";
			developmentRegion = en;
			hasScannedForEncodings = 0;
			knownRegions = (
				en,
				Base,
			);
			mainGroup = B075CC832AF273100020F3C2;
			productRefGroup = B075CC8D2AF273100020F3C2 /* Products */;
			projectDirPath = "";
			projectRoot = "";
			targets = (
				B075CC8B2AF273100020F3C2 /* mandiri-ios */,
			);
		};
/* End PBXProject section */

/* Begin PBXResourcesBuildPhase section */
		B075CC8A2AF273100020F3C2 /* Resources */ = {
			isa = PBXResourcesBuildPhase;
			buildActionMask = 2147483647;
			files = (
				B075CC9C2AF273120020F3C2 /* LaunchScreen.storyboard in Resources */,
				B075CC992AF273120020F3C2 /* Assets.xcassets in Resources */,
			);
			runOnlyForDeploymentPostprocessing = 0;
		};
/* End PBXResourcesBuildPhase section */

/* Begin PBXShellScriptBuildPhase section */
		312950EAF6ACC3A3A59D7D14 /* [CP] Check Pods Manifest.lock */ = {
			isa = PBXShellScriptBuildPhase;
			buildActionMask = 2147483647;
			files = (
			);
			inputFileListPaths = (
			);
			inputPaths = (
				"${PODS_PODFILE_DIR_PATH}/Podfile.lock",
				"${PODS_ROOT}/Manifest.lock",
			);
			name = "[CP] Check Pods Manifest.lock";
			outputFileListPaths = (
			);
			outputPaths = (
				"$(DERIVED_FILE_DIR)/Pods-mandiri-ios-checkManifestLockResult.txt",
			);
			runOnlyForDeploymentPostprocessing = 0;
			shellPath = /bin/sh;
			shellScript = "diff \"${PODS_PODFILE_DIR_PATH}/Podfile.lock\" \"${PODS_ROOT}/Manifest.lock\" > /dev/null\nif [ $? != 0 ] ; then\n    # print error to STDERR\n    echo \"error: The sandbox is not in sync with the Podfile.lock. Run 'pod install' or update your CocoaPods installation.\" >&2\n    exit 1\nfi\n# This output is used by Xcode 'outputs' to avoid re-running this script phase.\necho \"SUCCESS\" > \"${SCRIPT_OUTPUT_FILE_0}\"\n";
			showEnvVarsInLog = 0;
		};
		98F555619FCCA3F7812904FE /* [CP] Embed Pods Frameworks */ = {
			isa = PBXShellScriptBuildPhase;
			buildActionMask = 2147483647;
			files = (
			);
			inputFileListPaths = (
				"${PODS_ROOT}/Target Support Files/Pods-mandiri-ios/Pods-mandiri-ios-frameworks-${CONFIGURATION}-input-files.xcfilelist",
			);
			name = "[CP] Embed Pods Frameworks";
			outputFileListPaths = (
				"${PODS_ROOT}/Target Support Files/Pods-mandiri-ios/Pods-mandiri-ios-frameworks-${CONFIGURATION}-output-files.xcfilelist",
			);
			runOnlyForDeploymentPostprocessing = 0;
			shellPath = /bin/sh;
			shellScript = "\"${PODS_ROOT}/Target Support Files/Pods-mandiri-ios/Pods-mandiri-ios-frameworks.sh\"\n";
			showEnvVarsInLog = 0;
		};
/* End PBXShellScriptBuildPhase section */

/* Begin PBXSourcesBuildPhase section */
		B075CC882AF273100020F3C2 /* Sources */ = {
			isa = PBXSourcesBuildPhase;
			buildActionMask = 2147483647;
			files = (
				B075CCC12AF28B070020F3C2 /* GenreViewCell.swift in Sources */,
				B075CCBB2AF288670020F3C2 /* ListGenreRouter.swift in Sources */,
				B075CCBA2AF288670020F3C2 /* ListGenrePresenter.swift in Sources */,
				B075CCCC2AF293800020F3C2 /* DiscoverInteractor.swift in Sources */,
				B075CC902AF273100020F3C2 /* AppDelegate.swift in Sources */,
				B075CCBC2AF288670020F3C2 /* ListGenreViewController.swift in Sources */,
				B075CCC82AF293800020F3C2 /* DiscoverPresenter.swift in Sources */,
				B075CCB12AF284820020F3C2 /* InternalColor.swift in Sources */,
				B075CCBE2AF288670020F3C2 /* ListGenreInteractor.swift in Sources */,
				B075CCCB2AF293800020F3C2 /* DiscoverProtocols.swift in Sources */,
				B075CCAD2AF281EF0020F3C2 /* ViewState.swift in Sources */,
				B075CCBD2AF288670020F3C2 /* ListGenreProtocols.swift in Sources */,
				B075CC922AF273100020F3C2 /* SceneDelegate.swift in Sources */,
				B075CCCA2AF293800020F3C2 /* DiscoverViewController.swift in Sources */,
				B075CCA92AF2818C0020F3C2 /* StackView.swift in Sources */,
				B075CCCF2AF295600020F3C2 /* DiscoverViewCell.swift in Sources */,
				B075CCAF2AF2823B0020F3C2 /* ImageView.swift in Sources */,
				B075CCB32AF287760020F3C2 /* InternalIcon.swift in Sources */,
				B075CCAB2AF281BA0020F3C2 /* LabelView.swift in Sources */,
				B075CCC92AF293800020F3C2 /* DiscoverRouter.swift in Sources */,
			);
			runOnlyForDeploymentPostprocessing = 0;
		};
/* End PBXSourcesBuildPhase section */

/* Begin PBXVariantGroup section */
		B075CC9A2AF273120020F3C2 /* LaunchScreen.storyboard */ = {
			isa = PBXVariantGroup;
			children = (
				B075CC9B2AF273120020F3C2 /* Base */,
			);
			name = LaunchScreen.storyboard;
			sourceTree = "<group>";
		};
/* End PBXVariantGroup section */

/* Begin XCBuildConfiguration section */
		B075CC9E2AF273120020F3C2 /* Debug */ = {
			isa = XCBuildConfiguration;
			buildSettings = {
				ALWAYS_SEARCH_USER_PATHS = NO;
				ASSETCATALOG_COMPILER_GENERATE_SWIFT_ASSET_SYMBOL_EXTENSIONS = YES;
				CLANG_ANALYZER_NONNULL = YES;
				CLANG_ANALYZER_NUMBER_OBJECT_CONVERSION = YES_AGGRESSIVE;
				CLANG_CXX_LANGUAGE_STANDARD = "gnu++20";
				CLANG_ENABLE_MODULES = YES;
				CLANG_ENABLE_OBJC_ARC = YES;
				CLANG_ENABLE_OBJC_WEAK = YES;
				CLANG_WARN_BLOCK_CAPTURE_AUTORELEASING = YES;
				CLANG_WARN_BOOL_CONVERSION = YES;
				CLANG_WARN_COMMA = YES;
				CLANG_WARN_CONSTANT_CONVERSION = YES;
				CLANG_WARN_DEPRECATED_OBJC_IMPLEMENTATIONS = YES;
				CLANG_WARN_DIRECT_OBJC_ISA_USAGE = YES_ERROR;
				CLANG_WARN_DOCUMENTATION_COMMENTS = YES;
				CLANG_WARN_EMPTY_BODY = YES;
				CLANG_WARN_ENUM_CONVERSION = YES;
				CLANG_WARN_INFINITE_RECURSION = YES;
				CLANG_WARN_INT_CONVERSION = YES;
				CLANG_WARN_NON_LITERAL_NULL_CONVERSION = YES;
				CLANG_WARN_OBJC_IMPLICIT_RETAIN_SELF = YES;
				CLANG_WARN_OBJC_LITERAL_CONVERSION = YES;
				CLANG_WARN_OBJC_ROOT_CLASS = YES_ERROR;
				CLANG_WARN_QUOTED_INCLUDE_IN_FRAMEWORK_HEADER = YES;
				CLANG_WARN_RANGE_LOOP_ANALYSIS = YES;
				CLANG_WARN_STRICT_PROTOTYPES = YES;
				CLANG_WARN_SUSPICIOUS_MOVE = YES;
				CLANG_WARN_UNGUARDED_AVAILABILITY = YES_AGGRESSIVE;
				CLANG_WARN_UNREACHABLE_CODE = YES;
				CLANG_WARN__DUPLICATE_METHOD_MATCH = YES;
				COPY_PHASE_STRIP = NO;
				DEBUG_INFORMATION_FORMAT = dwarf;
				ENABLE_STRICT_OBJC_MSGSEND = YES;
				ENABLE_TESTABILITY = YES;
				ENABLE_USER_SCRIPT_SANDBOXING = NO;
				GCC_C_LANGUAGE_STANDARD = gnu17;
				GCC_DYNAMIC_NO_PIC = NO;
				GCC_NO_COMMON_BLOCKS = YES;
				GCC_OPTIMIZATION_LEVEL = 0;
				GCC_PREPROCESSOR_DEFINITIONS = (
					"DEBUG=1",
					"$(inherited)",
				);
				GCC_WARN_64_TO_32_BIT_CONVERSION = YES;
				GCC_WARN_ABOUT_RETURN_TYPE = YES_ERROR;
				GCC_WARN_UNDECLARED_SELECTOR = YES;
				GCC_WARN_UNINITIALIZED_AUTOS = YES_AGGRESSIVE;
				GCC_WARN_UNUSED_FUNCTION = YES;
				GCC_WARN_UNUSED_VARIABLE = YES;
				IPHONEOS_DEPLOYMENT_TARGET = 13.0;
				LOCALIZATION_PREFERS_STRING_CATALOGS = YES;
				MTL_ENABLE_DEBUG_INFO = INCLUDE_SOURCE;
				MTL_FAST_MATH = YES;
				ONLY_ACTIVE_ARCH = YES;
				SDKROOT = iphoneos;
				SWIFT_ACTIVE_COMPILATION_CONDITIONS = "DEBUG $(inherited)";
				SWIFT_OPTIMIZATION_LEVEL = "-Onone";
			};
			name = Debug;
		};
		B075CC9F2AF273120020F3C2 /* Release */ = {
			isa = XCBuildConfiguration;
			buildSettings = {
				ALWAYS_SEARCH_USER_PATHS = NO;
				ASSETCATALOG_COMPILER_GENERATE_SWIFT_ASSET_SYMBOL_EXTENSIONS = YES;
				CLANG_ANALYZER_NONNULL = YES;
				CLANG_ANALYZER_NUMBER_OBJECT_CONVERSION = YES_AGGRESSIVE;
				CLANG_CXX_LANGUAGE_STANDARD = "gnu++20";
				CLANG_ENABLE_MODULES = YES;
				CLANG_ENABLE_OBJC_ARC = YES;
				CLANG_ENABLE_OBJC_WEAK = YES;
				CLANG_WARN_BLOCK_CAPTURE_AUTORELEASING = YES;
				CLANG_WARN_BOOL_CONVERSION = YES;
				CLANG_WARN_COMMA = YES;
				CLANG_WARN_CONSTANT_CONVERSION = YES;
				CLANG_WARN_DEPRECATED_OBJC_IMPLEMENTATIONS = YES;
				CLANG_WARN_DIRECT_OBJC_ISA_USAGE = YES_ERROR;
				CLANG_WARN_DOCUMENTATION_COMMENTS = YES;
				CLANG_WARN_EMPTY_BODY = YES;
				CLANG_WARN_ENUM_CONVERSION = YES;
				CLANG_WARN_INFINITE_RECURSION = YES;
				CLANG_WARN_INT_CONVERSION = YES;
				CLANG_WARN_NON_LITERAL_NULL_CONVERSION = YES;
				CLANG_WARN_OBJC_IMPLICIT_RETAIN_SELF = YES;
				CLANG_WARN_OBJC_LITERAL_CONVERSION = YES;
				CLANG_WARN_OBJC_ROOT_CLASS = YES_ERROR;
				CLANG_WARN_QUOTED_INCLUDE_IN_FRAMEWORK_HEADER = YES;
				CLANG_WARN_RANGE_LOOP_ANALYSIS = YES;
				CLANG_WARN_STRICT_PROTOTYPES = YES;
				CLANG_WARN_SUSPICIOUS_MOVE = YES;
				CLANG_WARN_UNGUARDED_AVAILABILITY = YES_AGGRESSIVE;
				CLANG_WARN_UNREACHABLE_CODE = YES;
				CLANG_WARN__DUPLICATE_METHOD_MATCH = YES;
				COPY_PHASE_STRIP = NO;
				DEBUG_INFORMATION_FORMAT = "dwarf-with-dsym";
				ENABLE_NS_ASSERTIONS = NO;
				ENABLE_STRICT_OBJC_MSGSEND = YES;
				ENABLE_USER_SCRIPT_SANDBOXING = NO;
				GCC_C_LANGUAGE_STANDARD = gnu17;
				GCC_NO_COMMON_BLOCKS = YES;
				GCC_WARN_64_TO_32_BIT_CONVERSION = YES;
				GCC_WARN_ABOUT_RETURN_TYPE = YES_ERROR;
				GCC_WARN_UNDECLARED_SELECTOR = YES;
				GCC_WARN_UNINITIALIZED_AUTOS = YES_AGGRESSIVE;
				GCC_WARN_UNUSED_FUNCTION = YES;
				GCC_WARN_UNUSED_VARIABLE = YES;
				IPHONEOS_DEPLOYMENT_TARGET = 13.0;
				LOCALIZATION_PREFERS_STRING_CATALOGS = YES;
				MTL_ENABLE_DEBUG_INFO = NO;
				MTL_FAST_MATH = YES;
				SDKROOT = iphoneos;
				SWIFT_COMPILATION_MODE = wholemodule;
				VALIDATE_PRODUCT = YES;
			};
			name = Release;
		};
		B075CCA12AF273120020F3C2 /* Debug */ = {
			isa = XCBuildConfiguration;
			baseConfigurationReference = 1771A0AF46365F14E4FD6354 /* Pods-mandiri-ios.debug.xcconfig */;
			buildSettings = {
				ASSETCATALOG_COMPILER_APPICON_NAME = AppIcon;
				ASSETCATALOG_COMPILER_GLOBAL_ACCENT_COLOR_NAME = AccentColor;
				CODE_SIGN_STYLE = Automatic;
				CURRENT_PROJECT_VERSION = 1;
				DEVELOPMENT_TEAM = BTP3P5U2W5;
				ENABLE_USER_SCRIPT_SANDBOXING = NO;
				GENERATE_INFOPLIST_FILE = YES;
				INFOPLIST_FILE = "mandiri-ios/Info.plist";
				INFOPLIST_KEY_UIApplicationSupportsIndirectInputEvents = YES;
				INFOPLIST_KEY_UILaunchStoryboardName = LaunchScreen;
				INFOPLIST_KEY_UISupportedInterfaceOrientations_iPad = "UIInterfaceOrientationPortrait UIInterfaceOrientationPortraitUpsideDown UIInterfaceOrientationLandscapeLeft UIInterfaceOrientationLandscapeRight";
				INFOPLIST_KEY_UISupportedInterfaceOrientations_iPhone = "UIInterfaceOrientationPortrait UIInterfaceOrientationLandscapeLeft UIInterfaceOrientationLandscapeRight";
				IPHONEOS_DEPLOYMENT_TARGET = 13.0;
				LD_RUNPATH_SEARCH_PATHS = (
					"$(inherited)",
					"@executable_path/Frameworks",
				);
				MARKETING_VERSION = 1.0;
				PRODUCT_BUNDLE_IDENTIFIER = "com.miftah.mandiri-ios";
				PRODUCT_NAME = "$(TARGET_NAME)";
				SWIFT_EMIT_LOC_STRINGS = YES;
				SWIFT_VERSION = 5.0;
				TARGETED_DEVICE_FAMILY = "1,2";
			};
			name = Debug;
		};
		B075CCA22AF273120020F3C2 /* Release */ = {
			isa = XCBuildConfiguration;
			baseConfigurationReference = C416FFD1AF0F02E86E39C657 /* Pods-mandiri-ios.release.xcconfig */;
			buildSettings = {
				ASSETCATALOG_COMPILER_APPICON_NAME = AppIcon;
				ASSETCATALOG_COMPILER_GLOBAL_ACCENT_COLOR_NAME = AccentColor;
				CODE_SIGN_STYLE = Automatic;
				CURRENT_PROJECT_VERSION = 1;
				DEVELOPMENT_TEAM = BTP3P5U2W5;
				ENABLE_USER_SCRIPT_SANDBOXING = NO;
				GENERATE_INFOPLIST_FILE = YES;
				INFOPLIST_FILE = "mandiri-ios/Info.plist";
				INFOPLIST_KEY_UIApplicationSupportsIndirectInputEvents = YES;
				INFOPLIST_KEY_UILaunchStoryboardName = LaunchScreen;
				INFOPLIST_KEY_UISupportedInterfaceOrientations_iPad = "UIInterfaceOrientationPortrait UIInterfaceOrientationPortraitUpsideDown UIInterfaceOrientationLandscapeLeft UIInterfaceOrientationLandscapeRight";
				INFOPLIST_KEY_UISupportedInterfaceOrientations_iPhone = "UIInterfaceOrientationPortrait UIInterfaceOrientationLandscapeLeft UIInterfaceOrientationLandscapeRight";
				IPHONEOS_DEPLOYMENT_TARGET = 13.0;
				LD_RUNPATH_SEARCH_PATHS = (
					"$(inherited)",
					"@executable_path/Frameworks",
				);
				MARKETING_VERSION = 1.0;
				PRODUCT_BUNDLE_IDENTIFIER = "com.miftah.mandiri-ios";
				PRODUCT_NAME = "$(TARGET_NAME)";
				SWIFT_EMIT_LOC_STRINGS = YES;
				SWIFT_VERSION = 5.0;
				TARGETED_DEVICE_FAMILY = "1,2";
			};
			name = Release;
		};
/* End XCBuildConfiguration section */

/* Begin XCConfigurationList section */
		B075CC872AF273100020F3C2 /* Build configuration list for PBXProject "mandiri-ios" */ = {
			isa = XCConfigurationList;
			buildConfigurations = (
				B075CC9E2AF273120020F3C2 /* Debug */,
				B075CC9F2AF273120020F3C2 /* Release */,
			);
			defaultConfigurationIsVisible = 0;
			defaultConfigurationName = Release;
		};
		B075CCA02AF273120020F3C2 /* Build configuration list for PBXNativeTarget "mandiri-ios" */ = {
			isa = XCConfigurationList;
			buildConfigurations = (
				B075CCA12AF273120020F3C2 /* Debug */,
				B075CCA22AF273120020F3C2 /* Release */,
			);
			defaultConfigurationIsVisible = 0;
			defaultConfigurationName = Release;
		};
/* End XCConfigurationList section */
	};
	rootObject = B075CC842AF273100020F3C2 /* Project object */;
}
